
Microsoft Visual Studio Solution File, Format Version 12.00
# Visual Studio Version 17
VisualStudioVersion = 17.11.35222.181
MinimumVisualStudioVersion = 10.0.40219.1
Project("{9A19103F-16F7-4668-BE54-9A1E7A4F7556}") = "TVSeriesLibrary", "TVSeriesLibrary\TVSeriesLibrary.csproj", "{1B71AC07-F056-49DD-ABD0-B21134519280}"
EndProject
Project("{FAE04EC0-301F-11D3-BF4B-00C04F79EFBC}") = "TVSeriesConsoleApp", "TVSeriesConsoleApp\TVSeriesConsoleApp.csproj", "{40A7B58D-51CA-42D7-9021-AC52BD732864}"
EndProject
Global
	GlobalSection(SolutionConfigurationPlatforms) = preSolution
		Debug|Any CPU = Debug|Any CPU
		Release|Any CPU = Release|Any CPU
	EndGlobalSection
	GlobalSection(ProjectConfigurationPlatforms) = postSolution
		{1B71AC07-F056-49DD-ABD0-B21134519280}.Debug|Any CPU.ActiveCfg = Debug|Any CPU
		{1B71AC07-F056-49DD-ABD0-B21134519280}.Debug|Any CPU.Build.0 = Debug|Any CPU
		{1B71AC07-F056-49DD-ABD0-B21134519280}.Release|Any CPU.ActiveCfg = Release|Any CPU
		{1B71AC07-F056-49DD-ABD0-B21134519280}.Release|Any CPU.Build.0 = Release|Any CPU
		{40A7B58D-51CA-42D7-9021-AC52BD732864}.Debug|Any CPU.ActiveCfg = Debug|Any CPU
		{40A7B58D-51CA-42D7-9021-AC52BD732864}.Debug|Any CPU.Build.0 = Debug|Any CPU
		{40A7B58D-51CA-42D7-9021-AC52BD732864}.Release|Any CPU.ActiveCfg = Release|Any CPU
		{40A7B58D-51CA-42D7-9021-AC52BD732864}.Release|Any CPU.Build.0 = Release|Any CPU
	EndGlobalSection
	GlobalSection(SolutionProperties) = preSolution
		HideSolutionNode = FALSE
	EndGlobalSection
	GlobalSection(ExtensibilityGlobals) = postSolution
		SolutionGuid = {E6E8C15F-04CB-4B2D-87E5-BA1B4606E2E9}
	EndGlobalSection
EndGlobal
